
Microsoft Visual Studio Solution File, Format Version 12.00
# Visual Studio Version 17
VisualStudioVersion = 17.9.34616.47
MinimumVisualStudioVersion = 10.0.40219.1
Project("{9A19103F-16F7-4668-BE54-9A1E7A4F7556}") = "Fornecedor.App", "src\Fornecedor.App\Fornecedor.App.csproj", "{F8C011C4-2BBE-4D25-A125-D1838CF9EE69}"
EndProject
Project("{FAE04EC0-301F-11D3-BF4B-00C04F79EFBC}") = "Fornecedor.Data", "src\Fornecedor.Data\Fornecedor.Data.csproj", "{15EDDA3F-9EC0-4365-A47E-5CEA2BD66207}"
EndProject
Project("{FAE04EC0-301F-11D3-BF4B-00C04F79EFBC}") = "Fornecedor.Business", "src\Fornecedor.Business\Fornecedor.Business.csproj", "{44098020-B760-4F0C-AA0B-5441274A93B9}"
EndProject
Global
	GlobalSection(SolutionConfigurationPlatforms) = preSolution
		Debug|Any CPU = Debug|Any CPU
		Release|Any CPU = Release|Any CPU
	EndGlobalSection
	GlobalSection(ProjectConfigurationPlatforms) = postSolution
		{F8C011C4-2BBE-4D25-A125-D1838CF9EE69}.Debug|Any CPU.ActiveCfg = Debug|Any CPU
		{F8C011C4-2BBE-4D25-A125-D1838CF9EE69}.Debug|Any CPU.Build.0 = Debug|Any CPU
		{F8C011C4-2BBE-4D25-A125-D1838CF9EE69}.Release|Any CPU.ActiveCfg = Release|Any CPU
		{F8C011C4-2BBE-4D25-A125-D1838CF9EE69}.Release|Any CPU.Build.0 = Release|Any CPU
		{15EDDA3F-9EC0-4365-A47E-5CEA2BD66207}.Debug|Any CPU.ActiveCfg = Debug|Any CPU
		{15EDDA3F-9EC0-4365-A47E-5CEA2BD66207}.Debug|Any CPU.Build.0 = Debug|Any CPU
		{15EDDA3F-9EC0-4365-A47E-5CEA2BD66207}.Release|Any CPU.ActiveCfg = Release|Any CPU
		{15EDDA3F-9EC0-4365-A47E-5CEA2BD66207}.Release|Any CPU.Build.0 = Release|Any CPU
		{44098020-B760-4F0C-AA0B-5441274A93B9}.Debug|Any CPU.ActiveCfg = Debug|Any CPU
		{44098020-B760-4F0C-AA0B-5441274A93B9}.Debug|Any CPU.Build.0 = Debug|Any CPU
		{44098020-B760-4F0C-AA0B-5441274A93B9}.Release|Any CPU.ActiveCfg = Release|Any CPU
		{44098020-B760-4F0C-AA0B-5441274A93B9}.Release|Any CPU.Build.0 = Release|Any CPU
	EndGlobalSection
	GlobalSection(SolutionProperties) = preSolution
		HideSolutionNode = FALSE
	EndGlobalSection
	GlobalSection(ExtensibilityGlobals) = postSolution
		SolutionGuid = {25D3D974-6C1D-401E-A926-8439E8097B3D}
	EndGlobalSection
EndGlobal
